
Microsoft Visual Studio Solution File, Format Version 12.00
# Visual Studio 14
VisualStudioVersion = 14.0.25420.1
MinimumVisualStudioVersion = 10.0.40219.1
Project("{FAE04EC0-301F-11D3-BF4B-00C04F79EFBC}") = "HubspotMigrator", "HubspotMigrator\HubspotMigrator.csproj", "{DEAB50F2-8030-4B3F-8230-85B76E7B3C6E}"
EndProject
Global
	GlobalSection(SolutionConfigurationPlatforms) = preSolution
		Debug|Any CPU = Debug|Any CPU
		Release|Any CPU = Release|Any CPU
	EndGlobalSection
	GlobalSection(ProjectConfigurationPlatforms) = postSolution
		{DEAB50F2-8030-4B3F-8230-85B76E7B3C6E}.Debug|Any CPU.ActiveCfg = Debug|Any CPU
		{DEAB50F2-8030-4B3F-8230-85B76E7B3C6E}.Debug|Any CPU.Build.0 = Debug|Any CPU
		{DEAB50F2-8030-4B3F-8230-85B76E7B3C6E}.Release|Any CPU.ActiveCfg = Release|Any CPU
		{DEAB50F2-8030-4B3F-8230-85B76E7B3C6E}.Release|Any CPU.Build.0 = Release|Any CPU
	EndGlobalSection
	GlobalSection(SolutionProperties) = preSolution
		HideSolutionNode = FALSE
	EndGlobalSection
EndGlobal
